// !$*UTF8*$!
{
	archiveVersion = 1;
	classes = {
	};
	objectVersion = 56;
	objects = {

/* Begin PBXBuildFile section */
		F1B9287F2A13B1FC002F5587 /* BonialCCApp.swift in Sources */ = {isa = PBXBuildFile; fileRef = F1B9287E2A13B1FC002F5587 /* BonialCCApp.swift */; };
		F1B928812A13B1FC002F5587 /* ContentView.swift in Sources */ = {isa = PBXBuildFile; fileRef = F1B928802A13B1FC002F5587 /* ContentView.swift */; };
		F1B928832A13B1FC002F5587 /* Assets.xcassets in Resources */ = {isa = PBXBuildFile; fileRef = F1B928822A13B1FC002F5587 /* Assets.xcassets */; };
		F1B928862A13B1FC002F5587 /* Preview Assets.xcassets in Resources */ = {isa = PBXBuildFile; fileRef = F1B928852A13B1FC002F5587 /* Preview Assets.xcassets */; };
		F1B928902A13B1FC002F5587 /* BonialCCTests.swift in Sources */ = {isa = PBXBuildFile; fileRef = F1B9288F2A13B1FC002F5587 /* BonialCCTests.swift */; };
		F1B9289A2A13B1FC002F5587 /* BonialCCUITests.swift in Sources */ = {isa = PBXBuildFile; fileRef = F1B928992A13B1FC002F5587 /* BonialCCUITests.swift */; };
		F1B928B22A13CC14002F5587 /* BError.swift in Sources */ = {isa = PBXBuildFile; fileRef = F1B928B12A13CC14002F5587 /* BError.swift */; };
		F1B928B42A13CC19002F5587 /* TaskResult.swift in Sources */ = {isa = PBXBuildFile; fileRef = F1B928B32A13CC19002F5587 /* TaskResult.swift */; };
		F1B928B62A13CC20002F5587 /* JSONDataSource.swift in Sources */ = {isa = PBXBuildFile; fileRef = F1B928B52A13CC20002F5587 /* JSONDataSource.swift */; };
		F1B928BE2A13CD42002F5587 /* BrochureRepository.swift in Sources */ = {isa = PBXBuildFile; fileRef = F1B928BB2A13CD42002F5587 /* BrochureRepository.swift */; };
		F1B928BF2A13CD42002F5587 /* Brochure.swift in Sources */ = {isa = PBXBuildFile; fileRef = F1B928BD2A13CD42002F5587 /* Brochure.swift */; };
		F1B928C22A13CD4B002F5587 /* BrochuresJSONDataSource.swift in Sources */ = {isa = PBXBuildFile; fileRef = F1B928C12A13CD4B002F5587 /* BrochuresJSONDataSource.swift */; };
		F1B928C42A13CD51002F5587 /* DefaultBrochuresRepository.swift in Sources */ = {isa = PBXBuildFile; fileRef = F1B928C32A13CD51002F5587 /* DefaultBrochuresRepository.swift */; };
		F1B928C72A13CDFE002F5587 /* challenge.json in Resources */ = {isa = PBXBuildFile; fileRef = F1B928C62A13CDFE002F5587 /* challenge.json */; };
		F1B928CA2A13D5E2002F5587 /* BrochureGridView.swift in Sources */ = {isa = PBXBuildFile; fileRef = F1B928C92A13D5E2002F5587 /* BrochureGridView.swift */; };
		F1B928CC2A13D5F2002F5587 /* BrochureGridViewModel.swift in Sources */ = {isa = PBXBuildFile; fileRef = F1B928CB2A13D5F2002F5587 /* BrochureGridViewModel.swift */; };
		F1B928CE2A13D8F1002F5587 /* BrochureGridItemView.swift in Sources */ = {isa = PBXBuildFile; fileRef = F1B928CD2A13D8F1002F5587 /* BrochureGridItemView.swift */; };
		F1B928D22A13DA2E002F5587 /* Theme.swift in Sources */ = {isa = PBXBuildFile; fileRef = F1B928D12A13DA2E002F5587 /* Theme.swift */; };
		F1B928D52A13DBB6002F5587 /* BImage.swift in Sources */ = {isa = PBXBuildFile; fileRef = F1B928D42A13DBB6002F5587 /* BImage.swift */; };
		F1B928D82A13E43B002F5587 /* Kingfisher in Frameworks */ = {isa = PBXBuildFile; productRef = F1B928D72A13E43B002F5587 /* Kingfisher */; };
		F1B928DA2A13EA4F002F5587 /* BrochureDetailView.swift in Sources */ = {isa = PBXBuildFile; fileRef = F1B928D92A13EA4F002F5587 /* BrochureDetailView.swift */; };
		F1B928DC2A1411B6002F5587 /* BrochureTests.swift in Sources */ = {isa = PBXBuildFile; fileRef = F1B928DB2A1411B6002F5587 /* BrochureTests.swift */; };
		F1B928DE2A14123D002F5587 /* Decodable+Utils.swift in Sources */ = {isa = PBXBuildFile; fileRef = F1B928DD2A14123D002F5587 /* Decodable+Utils.swift */; };
		F1B928E12A14152E002F5587 /* TaskResultTests.swift in Sources */ = {isa = PBXBuildFile; fileRef = F1B928E02A14152E002F5587 /* TaskResultTests.swift */; };
		F1B928E92A1418A7002F5587 /* BErrorTests.swift in Sources */ = {isa = PBXBuildFile; fileRef = F1B928E82A1418A7002F5587 /* BErrorTests.swift */; };
		F1B928EB2A1419B0002F5587 /* DefaultBrochureRepositoryTests.swift in Sources */ = {isa = PBXBuildFile; fileRef = F1B928EA2A1419B0002F5587 /* DefaultBrochureRepositoryTests.swift */; };
		F1B928ED2A141A0D002F5587 /* MockBrochureDataSource.swift in Sources */ = {isa = PBXBuildFile; fileRef = F1B928EC2A141A0D002F5587 /* MockBrochureDataSource.swift */; };
		F1B928F12A141C3B002F5587 /* BrochureTemplate.swift in Sources */ = {isa = PBXBuildFile; fileRef = F1B928F02A141C3B002F5587 /* BrochureTemplate.swift */; };
		F1B928F32A1421D2002F5587 /* BrochureGridViewModelTests.swift in Sources */ = {isa = PBXBuildFile; fileRef = F1B928F22A1421D2002F5587 /* BrochureGridViewModelTests.swift */; };
		F1FACF192A14245200DE72DF /* XCTestUtils.swift in Sources */ = {isa = PBXBuildFile; fileRef = F1FACF182A14245200DE72DF /* XCTestUtils.swift */; };
		F1FACF1B2A1428AA00DE72DF /* UIState.swift in Sources */ = {isa = PBXBuildFile; fileRef = F1FACF1A2A1428AA00DE72DF /* UIState.swift */; };
		F1FACF1F2A142C8400DE72DF /* UIStateTests.swift in Sources */ = {isa = PBXBuildFile; fileRef = F1FACF1E2A142C8400DE72DF /* UIStateTests.swift */; };
/* End PBXBuildFile section */

/* Begin PBXContainerItemProxy section */
		F1B9288C2A13B1FC002F5587 /* PBXContainerItemProxy */ = {
			isa = PBXContainerItemProxy;
			containerPortal = F1B928732A13B1FC002F5587 /* Project object */;
			proxyType = 1;
			remoteGlobalIDString = F1B9287A2A13B1FC002F5587;
			remoteInfo = BonialCC;
		};
		F1B928962A13B1FC002F5587 /* PBXContainerItemProxy */ = {
			isa = PBXContainerItemProxy;
			containerPortal = F1B928732A13B1FC002F5587 /* Project object */;
			proxyType = 1;
			remoteGlobalIDString = F1B9287A2A13B1FC002F5587;
			remoteInfo = BonialCC;
		};
/* End PBXContainerItemProxy section */

/* Begin PBXFileReference section */
		F1B9287B2A13B1FC002F5587 /* BonialCC.app */ = {isa = PBXFileReference; explicitFileType = wrapper.application; includeInIndex = 0; path = BonialCC.app; sourceTree = BUILT_PRODUCTS_DIR; };
		F1B9287E2A13B1FC002F5587 /* BonialCCApp.swift */ = {isa = PBXFileReference; lastKnownFileType = sourcecode.swift; path = BonialCCApp.swift; sourceTree = "<group>"; };
		F1B928802A13B1FC002F5587 /* ContentView.swift */ = {isa = PBXFileReference; lastKnownFileType = sourcecode.swift; path = ContentView.swift; sourceTree = "<group>"; };
		F1B928822A13B1FC002F5587 /* Assets.xcassets */ = {isa = PBXFileReference; lastKnownFileType = folder.assetcatalog; path = Assets.xcassets; sourceTree = "<group>"; };
		F1B928852A13B1FC002F5587 /* Preview Assets.xcassets */ = {isa = PBXFileReference; lastKnownFileType = folder.assetcatalog; path = "Preview Assets.xcassets"; sourceTree = "<group>"; };
		F1B9288B2A13B1FC002F5587 /* BonialCCTests.xctest */ = {isa = PBXFileReference; explicitFileType = wrapper.cfbundle; includeInIndex = 0; path = BonialCCTests.xctest; sourceTree = BUILT_PRODUCTS_DIR; };
		F1B9288F2A13B1FC002F5587 /* BonialCCTests.swift */ = {isa = PBXFileReference; lastKnownFileType = sourcecode.swift; path = BonialCCTests.swift; sourceTree = "<group>"; };
		F1B928952A13B1FC002F5587 /* BonialCCUITests.xctest */ = {isa = PBXFileReference; explicitFileType = wrapper.cfbundle; includeInIndex = 0; path = BonialCCUITests.xctest; sourceTree = BUILT_PRODUCTS_DIR; };
		F1B928992A13B1FC002F5587 /* BonialCCUITests.swift */ = {isa = PBXFileReference; lastKnownFileType = sourcecode.swift; path = BonialCCUITests.swift; sourceTree = "<group>"; };
		F1B928B12A13CC14002F5587 /* BError.swift */ = {isa = PBXFileReference; fileEncoding = 4; lastKnownFileType = sourcecode.swift; path = BError.swift; sourceTree = "<group>"; };
		F1B928B32A13CC19002F5587 /* TaskResult.swift */ = {isa = PBXFileReference; fileEncoding = 4; lastKnownFileType = sourcecode.swift; path = TaskResult.swift; sourceTree = "<group>"; };
		F1B928B52A13CC20002F5587 /* JSONDataSource.swift */ = {isa = PBXFileReference; fileEncoding = 4; lastKnownFileType = sourcecode.swift; path = JSONDataSource.swift; sourceTree = "<group>"; };
		F1B928BB2A13CD42002F5587 /* BrochureRepository.swift */ = {isa = PBXFileReference; fileEncoding = 4; lastKnownFileType = sourcecode.swift; path = BrochureRepository.swift; sourceTree = "<group>"; };
		F1B928BD2A13CD42002F5587 /* Brochure.swift */ = {isa = PBXFileReference; fileEncoding = 4; lastKnownFileType = sourcecode.swift; path = Brochure.swift; sourceTree = "<group>"; };
		F1B928C12A13CD4B002F5587 /* BrochuresJSONDataSource.swift */ = {isa = PBXFileReference; fileEncoding = 4; lastKnownFileType = sourcecode.swift; path = BrochuresJSONDataSource.swift; sourceTree = "<group>"; };
		F1B928C32A13CD51002F5587 /* DefaultBrochuresRepository.swift */ = {isa = PBXFileReference; fileEncoding = 4; lastKnownFileType = sourcecode.swift; path = DefaultBrochuresRepository.swift; sourceTree = "<group>"; };
		F1B928C62A13CDFE002F5587 /* challenge.json */ = {isa = PBXFileReference; fileEncoding = 4; lastKnownFileType = text.json; path = challenge.json; sourceTree = "<group>"; };
		F1B928C92A13D5E2002F5587 /* BrochureGridView.swift */ = {isa = PBXFileReference; lastKnownFileType = sourcecode.swift; path = BrochureGridView.swift; sourceTree = "<group>"; };
		F1B928CB2A13D5F2002F5587 /* BrochureGridViewModel.swift */ = {isa = PBXFileReference; lastKnownFileType = sourcecode.swift; path = BrochureGridViewModel.swift; sourceTree = "<group>"; };
		F1B928CD2A13D8F1002F5587 /* BrochureGridItemView.swift */ = {isa = PBXFileReference; lastKnownFileType = sourcecode.swift; path = BrochureGridItemView.swift; sourceTree = "<group>"; };
		F1B928D12A13DA2E002F5587 /* Theme.swift */ = {isa = PBXFileReference; lastKnownFileType = sourcecode.swift; path = Theme.swift; sourceTree = "<group>"; };
		F1B928D42A13DBB6002F5587 /* BImage.swift */ = {isa = PBXFileReference; lastKnownFileType = sourcecode.swift; path = BImage.swift; sourceTree = "<group>"; };
		F1B928D92A13EA4F002F5587 /* BrochureDetailView.swift */ = {isa = PBXFileReference; lastKnownFileType = sourcecode.swift; path = BrochureDetailView.swift; sourceTree = "<group>"; };
		F1B928DB2A1411B6002F5587 /* BrochureTests.swift */ = {isa = PBXFileReference; lastKnownFileType = sourcecode.swift; path = BrochureTests.swift; sourceTree = "<group>"; };
		F1B928DD2A14123D002F5587 /* Decodable+Utils.swift */ = {isa = PBXFileReference; lastKnownFileType = sourcecode.swift; path = "Decodable+Utils.swift"; sourceTree = "<group>"; };
		F1B928E02A14152E002F5587 /* TaskResultTests.swift */ = {isa = PBXFileReference; lastKnownFileType = sourcecode.swift; path = TaskResultTests.swift; sourceTree = "<group>"; };
		F1B928E82A1418A7002F5587 /* BErrorTests.swift */ = {isa = PBXFileReference; lastKnownFileType = sourcecode.swift; path = BErrorTests.swift; sourceTree = "<group>"; };
		F1B928EA2A1419B0002F5587 /* DefaultBrochureRepositoryTests.swift */ = {isa = PBXFileReference; lastKnownFileType = sourcecode.swift; path = DefaultBrochureRepositoryTests.swift; sourceTree = "<group>"; };
		F1B928EC2A141A0D002F5587 /* MockBrochureDataSource.swift */ = {isa = PBXFileReference; lastKnownFileType = sourcecode.swift; path = MockBrochureDataSource.swift; sourceTree = "<group>"; };
		F1B928F02A141C3B002F5587 /* BrochureTemplate.swift */ = {isa = PBXFileReference; lastKnownFileType = sourcecode.swift; path = BrochureTemplate.swift; sourceTree = "<group>"; };
		F1B928F22A1421D2002F5587 /* BrochureGridViewModelTests.swift */ = {isa = PBXFileReference; lastKnownFileType = sourcecode.swift; path = BrochureGridViewModelTests.swift; sourceTree = "<group>"; };
		F1B928F42A1422A9002F5587 /* BonialCC.xctestplan */ = {isa = PBXFileReference; lastKnownFileType = text; path = BonialCC.xctestplan; sourceTree = "<group>"; };
		F1FACF182A14245200DE72DF /* XCTestUtils.swift */ = {isa = PBXFileReference; lastKnownFileType = sourcecode.swift; path = XCTestUtils.swift; sourceTree = "<group>"; };
		F1FACF1A2A1428AA00DE72DF /* UIState.swift */ = {isa = PBXFileReference; lastKnownFileType = sourcecode.swift; path = UIState.swift; sourceTree = "<group>"; };
		F1FACF1E2A142C8400DE72DF /* UIStateTests.swift */ = {isa = PBXFileReference; lastKnownFileType = sourcecode.swift; path = UIStateTests.swift; sourceTree = "<group>"; };
/* End PBXFileReference section */

/* Begin PBXFrameworksBuildPhase section */
		F1B928782A13B1FC002F5587 /* Frameworks */ = {
			isa = PBXFrameworksBuildPhase;
			buildActionMask = 2147483647;
			files = (
				F1B928D82A13E43B002F5587 /* Kingfisher in Frameworks */,
			);
			runOnlyForDeploymentPostprocessing = 0;
		};
		F1B928882A13B1FC002F5587 /* Frameworks */ = {
			isa = PBXFrameworksBuildPhase;
			buildActionMask = 2147483647;
			files = (
			);
			runOnlyForDeploymentPostprocessing = 0;
		};
		F1B928922A13B1FC002F5587 /* Frameworks */ = {
			isa = PBXFrameworksBuildPhase;
			buildActionMask = 2147483647;
			files = (
			);
			runOnlyForDeploymentPostprocessing = 0;
		};
/* End PBXFrameworksBuildPhase section */

/* Begin PBXGroup section */
		F1B928722A13B1FC002F5587 = {
			isa = PBXGroup;
			children = (
				F1B928F42A1422A9002F5587 /* BonialCC.xctestplan */,
				F1B9287D2A13B1FC002F5587 /* BonialCC */,
				F1B9288E2A13B1FC002F5587 /* BonialCCTests */,
				F1B928982A13B1FC002F5587 /* BonialCCUITests */,
				F1B9287C2A13B1FC002F5587 /* Products */,
			);
			sourceTree = "<group>";
		};
		F1B9287C2A13B1FC002F5587 /* Products */ = {
			isa = PBXGroup;
			children = (
				F1B9287B2A13B1FC002F5587 /* BonialCC.app */,
				F1B9288B2A13B1FC002F5587 /* BonialCCTests.xctest */,
				F1B928952A13B1FC002F5587 /* BonialCCUITests.xctest */,
			);
			name = Products;
			sourceTree = "<group>";
		};
		F1B9287D2A13B1FC002F5587 /* BonialCC */ = {
			isa = PBXGroup;
			children = (
				F1B928AE2A13CBB3002F5587 /* App */,
				F1B928B02A13CBDC002F5587 /* Library */,
				F1B928822A13B1FC002F5587 /* Assets.xcassets */,
				F1B928842A13B1FC002F5587 /* Preview Content */,
			);
			path = BonialCC;
			sourceTree = "<group>";
		};
		F1B928842A13B1FC002F5587 /* Preview Content */ = {
			isa = PBXGroup;
			children = (
				F1B928852A13B1FC002F5587 /* Preview Assets.xcassets */,
			);
			path = "Preview Content";
			sourceTree = "<group>";
		};
		F1B9288E2A13B1FC002F5587 /* BonialCCTests */ = {
			isa = PBXGroup;
			children = (
				F1B9288F2A13B1FC002F5587 /* BonialCCTests.swift */,
			);
			path = BonialCCTests;
			sourceTree = "<group>";
		};
		F1B928982A13B1FC002F5587 /* BonialCCUITests */ = {
			isa = PBXGroup;
			children = (
				F1B928992A13B1FC002F5587 /* BonialCCUITests.swift */,
			);
			path = BonialCCUITests;
			sourceTree = "<group>";
		};
		F1B928AE2A13CBB3002F5587 /* App */ = {
			isa = PBXGroup;
			children = (
				F1B928B72A13CC29002F5587 /* Features */,
				F1B928D02A13DA02002F5587 /* Library */,
				F1B9287E2A13B1FC002F5587 /* BonialCCApp.swift */,
				F1B928802A13B1FC002F5587 /* ContentView.swift */,
			);
			path = App;
			sourceTree = "<group>";
		};
		F1B928B02A13CBDC002F5587 /* Library */ = {
			isa = PBXGroup;
			children = (
				F1B928E42A141674002F5587 /* Sources */,
				F1B928E52A14167C002F5587 /* Test */,
			);
			path = Library;
			sourceTree = "<group>";
		};
		F1B928B72A13CC29002F5587 /* Features */ = {
			isa = PBXGroup;
			children = (
				F1B928B92A13CD42002F5587 /* BrochureFeature */,
			);
			path = Features;
			sourceTree = "<group>";
		};
		F1B928B92A13CD42002F5587 /* BrochureFeature */ = {
			isa = PBXGroup;
			children = (
				F1B928E32A141648002F5587 /* Sources */,
				F1B928E22A14163F002F5587 /* Tests */,
			);
			path = BrochureFeature;
			sourceTree = "<group>";
		};
		F1B928BA2A13CD42002F5587 /* Repositories */ = {
			isa = PBXGroup;
			children = (
				F1B928EE2A141A11002F5587 /* Mocks */,
				F1B928C32A13CD51002F5587 /* DefaultBrochuresRepository.swift */,
				F1B928BB2A13CD42002F5587 /* BrochureRepository.swift */,
			);
			path = Repositories;
			sourceTree = "<group>";
		};
		F1B928BC2A13CD42002F5587 /* Models */ = {
			isa = PBXGroup;
			children = (
				F1B928EF2A141C2D002F5587 /* Templates */,
				F1B928BD2A13CD42002F5587 /* Brochure.swift */,
			);
			path = Models;
			sourceTree = "<group>";
		};
		F1B928C02A13CD4B002F5587 /* Datasource */ = {
			isa = PBXGroup;
			children = (
				F1B928C12A13CD4B002F5587 /* BrochuresJSONDataSource.swift */,
			);
			path = Datasource;
			sourceTree = "<group>";
		};
		F1B928C52A13CDF5002F5587 /* Resources */ = {
			isa = PBXGroup;
			children = (
				F1B928C62A13CDFE002F5587 /* challenge.json */,
			);
			path = Resources;
			sourceTree = "<group>";
		};
		F1B928C82A13D5CC002F5587 /* Views */ = {
			isa = PBXGroup;
			children = (
				F1B928C92A13D5E2002F5587 /* BrochureGridView.swift */,
				F1B928CB2A13D5F2002F5587 /* BrochureGridViewModel.swift */,
				F1B928CD2A13D8F1002F5587 /* BrochureGridItemView.swift */,
				F1B928D92A13EA4F002F5587 /* BrochureDetailView.swift */,
			);
			path = Views;
			sourceTree = "<group>";
		};
		F1B928CF2A13D9F5002F5587 /* SwiftUIDesignSystem */ = {
			isa = PBXGroup;
			children = (
				F1B928D32A13DB88002F5587 /* Components */,
				F1B928D12A13DA2E002F5587 /* Theme.swift */,
				F1FACF1A2A1428AA00DE72DF /* UIState.swift */,
			);
			path = SwiftUIDesignSystem;
			sourceTree = "<group>";
		};
		F1B928D02A13DA02002F5587 /* Library */ = {
			isa = PBXGroup;
			children = (
				F1FACF1D2A142C5500DE72DF /* Sources */,
				F1FACF1C2A142C4700DE72DF /* Tests */,
			);
			path = Library;
			sourceTree = "<group>";
		};
		F1B928D32A13DB88002F5587 /* Components */ = {
			isa = PBXGroup;
			children = (
				F1B928D42A13DBB6002F5587 /* BImage.swift */,
			);
			path = Components;
			sourceTree = "<group>";
		};
		F1B928DF2A141242002F5587 /* Utils */ = {
			isa = PBXGroup;
			children = (
				F1B928DD2A14123D002F5587 /* Decodable+Utils.swift */,
			);
			path = Utils;
			sourceTree = "<group>";
		};
		F1B928E22A14163F002F5587 /* Tests */ = {
			isa = PBXGroup;
			children = (
				F1B928DB2A1411B6002F5587 /* BrochureTests.swift */,
				F1B928EA2A1419B0002F5587 /* DefaultBrochureRepositoryTests.swift */,
				F1B928F22A1421D2002F5587 /* BrochureGridViewModelTests.swift */,
			);
			path = Tests;
			sourceTree = "<group>";
		};
		F1B928E32A141648002F5587 /* Sources */ = {
			isa = PBXGroup;
			children = (
				F1B928C82A13D5CC002F5587 /* Views */,
				F1B928C52A13CDF5002F5587 /* Resources */,
				F1B928C02A13CD4B002F5587 /* Datasource */,
				F1B928BA2A13CD42002F5587 /* Repositories */,
				F1B928BC2A13CD42002F5587 /* Models */,
			);
			path = Sources;
			sourceTree = "<group>";
		};
		F1B928E42A141674002F5587 /* Sources */ = {
			isa = PBXGroup;
			children = (
				F1B928B32A13CC19002F5587 /* TaskResult.swift */,
				F1B928B52A13CC20002F5587 /* JSONDataSource.swift */,
				F1B928B12A13CC14002F5587 /* BError.swift */,
			);
			path = Sources;
			sourceTree = "<group>";
		};
		F1B928E52A14167C002F5587 /* Test */ = {
			isa = PBXGroup;
			children = (
				F1FACF172A14241F00DE72DF /* Utils */,
				F1B928E02A14152E002F5587 /* TaskResultTests.swift */,
				F1B928E82A1418A7002F5587 /* BErrorTests.swift */,
			);
			path = Test;
			sourceTree = "<group>";
		};
		F1B928EE2A141A11002F5587 /* Mocks */ = {
			isa = PBXGroup;
			children = (
				F1B928EC2A141A0D002F5587 /* MockBrochureDataSource.swift */,
			);
			path = Mocks;
			sourceTree = "<group>";
		};
		F1B928EF2A141C2D002F5587 /* Templates */ = {
			isa = PBXGroup;
			children = (
				F1B928F02A141C3B002F5587 /* BrochureTemplate.swift */,
			);
			path = Templates;
			sourceTree = "<group>";
		};
		F1FACF172A14241F00DE72DF /* Utils */ = {
			isa = PBXGroup;
			children = (
				F1FACF182A14245200DE72DF /* XCTestUtils.swift */,
			);
			path = Utils;
			sourceTree = "<group>";
		};
		F1FACF1C2A142C4700DE72DF /* Tests */ = {
			isa = PBXGroup;
			children = (
				F1FACF1E2A142C8400DE72DF /* UIStateTests.swift */,
			);
			path = Tests;
			sourceTree = "<group>";
		};
		F1FACF1D2A142C5500DE72DF /* Sources */ = {
			isa = PBXGroup;
			children = (
				F1B928CF2A13D9F5002F5587 /* SwiftUIDesignSystem */,
				F1B928DF2A141242002F5587 /* Utils */,
			);
			path = Sources;
			sourceTree = "<group>";
		};
/* End PBXGroup section */

/* Begin PBXNativeTarget section */
		F1B9287A2A13B1FC002F5587 /* BonialCC */ = {
			isa = PBXNativeTarget;
			buildConfigurationList = F1B9289F2A13B1FC002F5587 /* Build configuration list for PBXNativeTarget "BonialCC" */;
			buildPhases = (
				F1B928772A13B1FC002F5587 /* Sources */,
				F1B928782A13B1FC002F5587 /* Frameworks */,
				F1B928792A13B1FC002F5587 /* Resources */,
			);
			buildRules = (
			);
			dependencies = (
			);
			name = BonialCC;
			packageProductDependencies = (
				F1B928D72A13E43B002F5587 /* Kingfisher */,
			);
			productName = BonialCC;
			productReference = F1B9287B2A13B1FC002F5587 /* BonialCC.app */;
			productType = "com.apple.product-type.application";
		};
		F1B9288A2A13B1FC002F5587 /* BonialCCTests */ = {
			isa = PBXNativeTarget;
			buildConfigurationList = F1B928A22A13B1FC002F5587 /* Build configuration list for PBXNativeTarget "BonialCCTests" */;
			buildPhases = (
				F1B928872A13B1FC002F5587 /* Sources */,
				F1B928882A13B1FC002F5587 /* Frameworks */,
				F1B928892A13B1FC002F5587 /* Resources */,
			);
			buildRules = (
			);
			dependencies = (
				F1B9288D2A13B1FC002F5587 /* PBXTargetDependency */,
			);
			name = BonialCCTests;
			productName = BonialCCTests;
			productReference = F1B9288B2A13B1FC002F5587 /* BonialCCTests.xctest */;
			productType = "com.apple.product-type.bundle.unit-test";
		};
		F1B928942A13B1FC002F5587 /* BonialCCUITests */ = {
			isa = PBXNativeTarget;
			buildConfigurationList = F1B928A52A13B1FC002F5587 /* Build configuration list for PBXNativeTarget "BonialCCUITests" */;
			buildPhases = (
				F1B928912A13B1FC002F5587 /* Sources */,
				F1B928922A13B1FC002F5587 /* Frameworks */,
				F1B928932A13B1FC002F5587 /* Resources */,
			);
			buildRules = (
			);
			dependencies = (
				F1B928972A13B1FC002F5587 /* PBXTargetDependency */,
			);
			name = BonialCCUITests;
			productName = BonialCCUITests;
			productReference = F1B928952A13B1FC002F5587 /* BonialCCUITests.xctest */;
			productType = "com.apple.product-type.bundle.ui-testing";
		};
/* End PBXNativeTarget section */

/* Begin PBXProject section */
		F1B928732A13B1FC002F5587 /* Project object */ = {
			isa = PBXProject;
			attributes = {
				BuildIndependentTargetsInParallel = 1;
				LastSwiftUpdateCheck = 1430;
				LastUpgradeCheck = 1430;
				TargetAttributes = {
					F1B9287A2A13B1FC002F5587 = {
						CreatedOnToolsVersion = 14.3;
					};
					F1B9288A2A13B1FC002F5587 = {
						CreatedOnToolsVersion = 14.3;
						TestTargetID = F1B9287A2A13B1FC002F5587;
					};
					F1B928942A13B1FC002F5587 = {
						CreatedOnToolsVersion = 14.3;
						TestTargetID = F1B9287A2A13B1FC002F5587;
					};
				};
			};
			buildConfigurationList = F1B928762A13B1FC002F5587 /* Build configuration list for PBXProject "BonialCC" */;
			compatibilityVersion = "Xcode 14.0";
			developmentRegion = en;
			hasScannedForEncodings = 0;
			knownRegions = (
				en,
				Base,
			);
			mainGroup = F1B928722A13B1FC002F5587;
			packageReferences = (
				F1B928D62A13E43B002F5587 /* XCRemoteSwiftPackageReference "Kingfisher" */,
			);
			productRefGroup = F1B9287C2A13B1FC002F5587 /* Products */;
			projectDirPath = "";
			projectRoot = "";
			targets = (
				F1B9287A2A13B1FC002F5587 /* BonialCC */,
				F1B9288A2A13B1FC002F5587 /* BonialCCTests */,
				F1B928942A13B1FC002F5587 /* BonialCCUITests */,
			);
		};
/* End PBXProject section */

/* Begin PBXResourcesBuildPhase section */
		F1B928792A13B1FC002F5587 /* Resources */ = {
			isa = PBXResourcesBuildPhase;
			buildActionMask = 2147483647;
			files = (
				F1B928862A13B1FC002F5587 /* Preview Assets.xcassets in Resources */,
				F1B928832A13B1FC002F5587 /* Assets.xcassets in Resources */,
				F1B928C72A13CDFE002F5587 /* challenge.json in Resources */,
			);
			runOnlyForDeploymentPostprocessing = 0;
		};
		F1B928892A13B1FC002F5587 /* Resources */ = {
			isa = PBXResourcesBuildPhase;
			buildActionMask = 2147483647;
			files = (
			);
			runOnlyForDeploymentPostprocessing = 0;
		};
		F1B928932A13B1FC002F5587 /* Resources */ = {
			isa = PBXResourcesBuildPhase;
			buildActionMask = 2147483647;
			files = (
			);
			runOnlyForDeploymentPostprocessing = 0;
		};
/* End PBXResourcesBuildPhase section */

/* Begin PBXSourcesBuildPhase section */
		F1B928772A13B1FC002F5587 /* Sources */ = {
			isa = PBXSourcesBuildPhase;
			buildActionMask = 2147483647;
			files = (
				F1B928C42A13CD51002F5587 /* DefaultBrochuresRepository.swift in Sources */,
				F1B928812A13B1FC002F5587 /* ContentView.swift in Sources */,
				F1B928BF2A13CD42002F5587 /* Brochure.swift in Sources */,
				F1B928CE2A13D8F1002F5587 /* BrochureGridItemView.swift in Sources */,
				F1B928D22A13DA2E002F5587 /* Theme.swift in Sources */,
				F1B928DA2A13EA4F002F5587 /* BrochureDetailView.swift in Sources */,
				F1B928C22A13CD4B002F5587 /* BrochuresJSONDataSource.swift in Sources */,
				F1B928DE2A14123D002F5587 /* Decodable+Utils.swift in Sources */,
				F1B928B42A13CC19002F5587 /* TaskResult.swift in Sources */,
				F1B928B62A13CC20002F5587 /* JSONDataSource.swift in Sources */,
				F1B928CA2A13D5E2002F5587 /* BrochureGridView.swift in Sources */,
				F1B928F12A141C3B002F5587 /* BrochureTemplate.swift in Sources */,
				F1B928D52A13DBB6002F5587 /* BImage.swift in Sources */,
				F1B928BE2A13CD42002F5587 /* BrochureRepository.swift in Sources */,
				F1B928CC2A13D5F2002F5587 /* BrochureGridViewModel.swift in Sources */,
				F1B928B22A13CC14002F5587 /* BError.swift in Sources */,
				F1B9287F2A13B1FC002F5587 /* BonialCCApp.swift in Sources */,
				F1B928ED2A141A0D002F5587 /* MockBrochureDataSource.swift in Sources */,
				F1FACF1B2A1428AA00DE72DF /* UIState.swift in Sources */,
			);
			runOnlyForDeploymentPostprocessing = 0;
		};
		F1B928872A13B1FC002F5587 /* Sources */ = {
			isa = PBXSourcesBuildPhase;
			buildActionMask = 2147483647;
			files = (
				F1B928E12A14152E002F5587 /* TaskResultTests.swift in Sources */,
				F1B928902A13B1FC002F5587 /* BonialCCTests.swift in Sources */,
				F1FACF192A14245200DE72DF /* XCTestUtils.swift in Sources */,
				F1B928E92A1418A7002F5587 /* BErrorTests.swift in Sources */,
				F1B928DC2A1411B6002F5587 /* BrochureTests.swift in Sources */,
				F1B928EB2A1419B0002F5587 /* DefaultBrochureRepositoryTests.swift in Sources */,
				F1B928F32A1421D2002F5587 /* BrochureGridViewModelTests.swift in Sources */,
				F1FACF1F2A142C8400DE72DF /* UIStateTests.swift in Sources */,
			);
			runOnlyForDeploymentPostprocessing = 0;
		};
		F1B928912A13B1FC002F5587 /* Sources */ = {
			isa = PBXSourcesBuildPhase;
			buildActionMask = 2147483647;
			files = (
				F1B9289A2A13B1FC002F5587 /* BonialCCUITests.swift in Sources */,
			);
			runOnlyForDeploymentPostprocessing = 0;
		};
/* End PBXSourcesBuildPhase section */

/* Begin PBXTargetDependency section */
		F1B9288D2A13B1FC002F5587 /* PBXTargetDependency */ = {
			isa = PBXTargetDependency;
			target = F1B9287A2A13B1FC002F5587 /* BonialCC */;
			targetProxy = F1B9288C2A13B1FC002F5587 /* PBXContainerItemProxy */;
		};
		F1B928972A13B1FC002F5587 /* PBXTargetDependency */ = {
			isa = PBXTargetDependency;
			target = F1B9287A2A13B1FC002F5587 /* BonialCC */;
			targetProxy = F1B928962A13B1FC002F5587 /* PBXContainerItemProxy */;
		};
/* End PBXTargetDependency section */

/* Begin XCBuildConfiguration section */
		F1B9289D2A13B1FC002F5587 /* Debug */ = {
			isa = XCBuildConfiguration;
			buildSettings = {
				ALWAYS_SEARCH_USER_PATHS = NO;
				CLANG_ANALYZER_NONNULL = YES;
				CLANG_ANALYZER_NUMBER_OBJECT_CONVERSION = YES_AGGRESSIVE;
				CLANG_CXX_LANGUAGE_STANDARD = "gnu++20";
				CLANG_ENABLE_MODULES = YES;
				CLANG_ENABLE_OBJC_ARC = YES;
				CLANG_ENABLE_OBJC_WEAK = YES;
				CLANG_WARN_BLOCK_CAPTURE_AUTORELEASING = YES;
				CLANG_WARN_BOOL_CONVERSION = YES;
				CLANG_WARN_COMMA = YES;
				CLANG_WARN_CONSTANT_CONVERSION = YES;
				CLANG_WARN_DEPRECATED_OBJC_IMPLEMENTATIONS = YES;
				CLANG_WARN_DIRECT_OBJC_ISA_USAGE = YES_ERROR;
				CLANG_WARN_DOCUMENTATION_COMMENTS = YES;
				CLANG_WARN_EMPTY_BODY = YES;
				CLANG_WARN_ENUM_CONVERSION = YES;
				CLANG_WARN_INFINITE_RECURSION = YES;
				CLANG_WARN_INT_CONVERSION = YES;
				CLANG_WARN_NON_LITERAL_NULL_CONVERSION = YES;
				CLANG_WARN_OBJC_IMPLICIT_RETAIN_SELF = YES;
				CLANG_WARN_OBJC_LITERAL_CONVERSION = YES;
				CLANG_WARN_OBJC_ROOT_CLASS = YES_ERROR;
				CLANG_WARN_QUOTED_INCLUDE_IN_FRAMEWORK_HEADER = YES;
				CLANG_WARN_RANGE_LOOP_ANALYSIS = YES;
				CLANG_WARN_STRICT_PROTOTYPES = YES;
				CLANG_WARN_SUSPICIOUS_MOVE = YES;
				CLANG_WARN_UNGUARDED_AVAILABILITY = YES_AGGRESSIVE;
				CLANG_WARN_UNREACHABLE_CODE = YES;
				CLANG_WARN__DUPLICATE_METHOD_MATCH = YES;
				COPY_PHASE_STRIP = NO;
				DEBUG_INFORMATION_FORMAT = dwarf;
				ENABLE_STRICT_OBJC_MSGSEND = YES;
				ENABLE_TESTABILITY = YES;
				GCC_C_LANGUAGE_STANDARD = gnu11;
				GCC_DYNAMIC_NO_PIC = NO;
				GCC_NO_COMMON_BLOCKS = YES;
				GCC_OPTIMIZATION_LEVEL = 0;
				GCC_PREPROCESSOR_DEFINITIONS = (
					"DEBUG=1",
					"$(inherited)",
				);
				GCC_WARN_64_TO_32_BIT_CONVERSION = YES;
				GCC_WARN_ABOUT_RETURN_TYPE = YES_ERROR;
				GCC_WARN_UNDECLARED_SELECTOR = YES;
				GCC_WARN_UNINITIALIZED_AUTOS = YES_AGGRESSIVE;
				GCC_WARN_UNUSED_FUNCTION = YES;
				GCC_WARN_UNUSED_VARIABLE = YES;
				IPHONEOS_DEPLOYMENT_TARGET = 16.4;
				MTL_ENABLE_DEBUG_INFO = INCLUDE_SOURCE;
				MTL_FAST_MATH = YES;
				ONLY_ACTIVE_ARCH = YES;
				SDKROOT = iphoneos;
				SWIFT_ACTIVE_COMPILATION_CONDITIONS = DEBUG;
				SWIFT_OPTIMIZATION_LEVEL = "-Onone";
			};
			name = Debug;
		};
		F1B9289E2A13B1FC002F5587 /* Release */ = {
			isa = XCBuildConfiguration;
			buildSettings = {
				ALWAYS_SEARCH_USER_PATHS = NO;
				CLANG_ANALYZER_NONNULL = YES;
				CLANG_ANALYZER_NUMBER_OBJECT_CONVERSION = YES_AGGRESSIVE;
				CLANG_CXX_LANGUAGE_STANDARD = "gnu++20";
				CLANG_ENABLE_MODULES = YES;
				CLANG_ENABLE_OBJC_ARC = YES;
				CLANG_ENABLE_OBJC_WEAK = YES;
				CLANG_WARN_BLOCK_CAPTURE_AUTORELEASING = YES;
				CLANG_WARN_BOOL_CONVERSION = YES;
				CLANG_WARN_COMMA = YES;
				CLANG_WARN_CONSTANT_CONVERSION = YES;
				CLANG_WARN_DEPRECATED_OBJC_IMPLEMENTATIONS = YES;
				CLANG_WARN_DIRECT_OBJC_ISA_USAGE = YES_ERROR;
				CLANG_WARN_DOCUMENTATION_COMMENTS = YES;
				CLANG_WARN_EMPTY_BODY = YES;
				CLANG_WARN_ENUM_CONVERSION = YES;
				CLANG_WARN_INFINITE_RECURSION = YES;
				CLANG_WARN_INT_CONVERSION = YES;
				CLANG_WARN_NON_LITERAL_NULL_CONVERSION = YES;
				CLANG_WARN_OBJC_IMPLICIT_RETAIN_SELF = YES;
				CLANG_WARN_OBJC_LITERAL_CONVERSION = YES;
				CLANG_WARN_OBJC_ROOT_CLASS = YES_ERROR;
				CLANG_WARN_QUOTED_INCLUDE_IN_FRAMEWORK_HEADER = YES;
				CLANG_WARN_RANGE_LOOP_ANALYSIS = YES;
				CLANG_WARN_STRICT_PROTOTYPES = YES;
				CLANG_WARN_SUSPICIOUS_MOVE = YES;
				CLANG_WARN_UNGUARDED_AVAILABILITY = YES_AGGRESSIVE;
				CLANG_WARN_UNREACHABLE_CODE = YES;
				CLANG_WARN__DUPLICATE_METHOD_MATCH = YES;
				COPY_PHASE_STRIP = NO;
				DEBUG_INFORMATION_FORMAT = "dwarf-with-dsym";
				ENABLE_NS_ASSERTIONS = NO;
				ENABLE_STRICT_OBJC_MSGSEND = YES;
				GCC_C_LANGUAGE_STANDARD = gnu11;
				GCC_NO_COMMON_BLOCKS = YES;
				GCC_WARN_64_TO_32_BIT_CONVERSION = YES;
				GCC_WARN_ABOUT_RETURN_TYPE = YES_ERROR;
				GCC_WARN_UNDECLARED_SELECTOR = YES;
				GCC_WARN_UNINITIALIZED_AUTOS = YES_AGGRESSIVE;
				GCC_WARN_UNUSED_FUNCTION = YES;
				GCC_WARN_UNUSED_VARIABLE = YES;
				IPHONEOS_DEPLOYMENT_TARGET = 16.4;
				MTL_ENABLE_DEBUG_INFO = NO;
				MTL_FAST_MATH = YES;
				SDKROOT = iphoneos;
				SWIFT_COMPILATION_MODE = wholemodule;
				SWIFT_OPTIMIZATION_LEVEL = "-O";
				VALIDATE_PRODUCT = YES;
			};
			name = Release;
		};
		F1B928A02A13B1FC002F5587 /* Debug */ = {
			isa = XCBuildConfiguration;
			buildSettings = {
				ASSETCATALOG_COMPILER_APPICON_NAME = AppIcon;
				ASSETCATALOG_COMPILER_GLOBAL_ACCENT_COLOR_NAME = AccentColor;
				CODE_SIGN_STYLE = Automatic;
				CURRENT_PROJECT_VERSION = 1;
				DEVELOPMENT_ASSET_PATHS = "\"BonialCC/Preview Content\"";
				DEVELOPMENT_TEAM = Z8BPP9MV7V;
				ENABLE_PREVIEWS = YES;
				GENERATE_INFOPLIST_FILE = YES;
				INFOPLIST_KEY_UIApplicationSceneManifest_Generation = YES;
				INFOPLIST_KEY_UIApplicationSupportsIndirectInputEvents = YES;
				INFOPLIST_KEY_UILaunchScreen_Generation = YES;
				INFOPLIST_KEY_UISupportedInterfaceOrientations_iPad = "UIInterfaceOrientationPortrait UIInterfaceOrientationPortraitUpsideDown UIInterfaceOrientationLandscapeLeft UIInterfaceOrientationLandscapeRight";
				INFOPLIST_KEY_UISupportedInterfaceOrientations_iPhone = "UIInterfaceOrientationPortrait UIInterfaceOrientationLandscapeLeft UIInterfaceOrientationLandscapeRight";
				LD_RUNPATH_SEARCH_PATHS = (
					"$(inherited)",
					"@executable_path/Frameworks",
				);
				MARKETING_VERSION = 1.0;
				PRODUCT_BUNDLE_IDENTIFIER = com.diegopais.BonialCC;
				PRODUCT_NAME = "$(TARGET_NAME)";
				SWIFT_EMIT_LOC_STRINGS = YES;
				SWIFT_VERSION = 5.0;
				TARGETED_DEVICE_FAMILY = "1,2";
			};
			name = Debug;
		};
		F1B928A12A13B1FC002F5587 /* Release */ = {
			isa = XCBuildConfiguration;
			buildSettings = {
				ASSETCATALOG_COMPILER_APPICON_NAME = AppIcon;
				ASSETCATALOG_COMPILER_GLOBAL_ACCENT_COLOR_NAME = AccentColor;
				CODE_SIGN_STYLE = Automatic;
				CURRENT_PROJECT_VERSION = 1;
				DEVELOPMENT_ASSET_PATHS = "\"BonialCC/Preview Content\"";
				DEVELOPMENT_TEAM = Z8BPP9MV7V;
				ENABLE_PREVIEWS = YES;
				GENERATE_INFOPLIST_FILE = YES;
				INFOPLIST_KEY_UIApplicationSceneManifest_Generation = YES;
				INFOPLIST_KEY_UIApplicationSupportsIndirectInputEvents = YES;
				INFOPLIST_KEY_UILaunchScreen_Generation = YES;
				INFOPLIST_KEY_UISupportedInterfaceOrientations_iPad = "UIInterfaceOrientationPortrait UIInterfaceOrientationPortraitUpsideDown UIInterfaceOrientationLandscapeLeft UIInterfaceOrientationLandscapeRight";
				INFOPLIST_KEY_UISupportedInterfaceOrientations_iPhone = "UIInterfaceOrientationPortrait UIInterfaceOrientationLandscapeLeft UIInterfaceOrientationLandscapeRight";
				LD_RUNPATH_SEARCH_PATHS = (
					"$(inherited)",
					"@executable_path/Frameworks",
				);
				MARKETING_VERSION = 1.0;
				PRODUCT_BUNDLE_IDENTIFIER = com.diegopais.BonialCC;
				PRODUCT_NAME = "$(TARGET_NAME)";
				SWIFT_EMIT_LOC_STRINGS = YES;
				SWIFT_VERSION = 5.0;
				TARGETED_DEVICE_FAMILY = "1,2";
			};
			name = Release;
		};
		F1B928A32A13B1FC002F5587 /* Debug */ = {
			isa = XCBuildConfiguration;
			buildSettings = {
				ALWAYS_EMBED_SWIFT_STANDARD_LIBRARIES = YES;
				BUNDLE_LOADER = "$(TEST_HOST)";
				CODE_SIGN_STYLE = Automatic;
				CURRENT_PROJECT_VERSION = 1;
				DEVELOPMENT_TEAM = Z8BPP9MV7V;
				GENERATE_INFOPLIST_FILE = YES;
				IPHONEOS_DEPLOYMENT_TARGET = 16.4;
				MARKETING_VERSION = 1.0;
				PRODUCT_BUNDLE_IDENTIFIER = com.diegopais.BonialCCTests;
				PRODUCT_NAME = "$(TARGET_NAME)";
				SWIFT_EMIT_LOC_STRINGS = NO;
				SWIFT_VERSION = 5.0;
				TARGETED_DEVICE_FAMILY = "1,2";
				TEST_HOST = "$(BUILT_PRODUCTS_DIR)/BonialCC.app/$(BUNDLE_EXECUTABLE_FOLDER_PATH)/BonialCC";
			};
			name = Debug;
		};
		F1B928A42A13B1FC002F5587 /* Release */ = {
			isa = XCBuildConfiguration;
			buildSettings = {
				ALWAYS_EMBED_SWIFT_STANDARD_LIBRARIES = YES;
				BUNDLE_LOADER = "$(TEST_HOST)";
				CODE_SIGN_STYLE = Automatic;
				CURRENT_PROJECT_VERSION = 1;
				DEVELOPMENT_TEAM = Z8BPP9MV7V;
				GENERATE_INFOPLIST_FILE = YES;
				IPHONEOS_DEPLOYMENT_TARGET = 16.4;
				MARKETING_VERSION = 1.0;
				PRODUCT_BUNDLE_IDENTIFIER = com.diegopais.BonialCCTests;
				PRODUCT_NAME = "$(TARGET_NAME)";
				SWIFT_EMIT_LOC_STRINGS = NO;
				SWIFT_VERSION = 5.0;
				TARGETED_DEVICE_FAMILY = "1,2";
				TEST_HOST = "$(BUILT_PRODUCTS_DIR)/BonialCC.app/$(BUNDLE_EXECUTABLE_FOLDER_PATH)/BonialCC";
			};
			name = Release;
		};
		F1B928A62A13B1FC002F5587 /* Debug */ = {
			isa = XCBuildConfiguration;
			buildSettings = {
				ALWAYS_EMBED_SWIFT_STANDARD_LIBRARIES = YES;
				CODE_SIGN_STYLE = Automatic;
				CURRENT_PROJECT_VERSION = 1;
				DEVELOPMENT_TEAM = Z8BPP9MV7V;
				GENERATE_INFOPLIST_FILE = YES;
				MARKETING_VERSION = 1.0;
				PRODUCT_BUNDLE_IDENTIFIER = com.diegopais.BonialCCUITests;
				PRODUCT_NAME = "$(TARGET_NAME)";
				SWIFT_EMIT_LOC_STRINGS = NO;
				SWIFT_VERSION = 5.0;
				TARGETED_DEVICE_FAMILY = "1,2";
				TEST_TARGET_NAME = BonialCC;
			};
			name = Debug;
		};
		F1B928A72A13B1FC002F5587 /* Release */ = {
			isa = XCBuildConfiguration;
			buildSettings = {
				ALWAYS_EMBED_SWIFT_STANDARD_LIBRARIES = YES;
				CODE_SIGN_STYLE = Automatic;
				CURRENT_PROJECT_VERSION = 1;
				DEVELOPMENT_TEAM = Z8BPP9MV7V;
				GENERATE_INFOPLIST_FILE = YES;
				MARKETING_VERSION = 1.0;
				PRODUCT_BUNDLE_IDENTIFIER = com.diegopais.BonialCCUITests;
				PRODUCT_NAME = "$(TARGET_NAME)";
				SWIFT_EMIT_LOC_STRINGS = NO;
				SWIFT_VERSION = 5.0;
				TARGETED_DEVICE_FAMILY = "1,2";
				TEST_TARGET_NAME = BonialCC;
			};
			name = Release;
		};
/* End XCBuildConfiguration section */

/* Begin XCConfigurationList section */
		F1B928762A13B1FC002F5587 /* Build configuration list for PBXProject "BonialCC" */ = {
			isa = XCConfigurationList;
			buildConfigurations = (
				F1B9289D2A13B1FC002F5587 /* Debug */,
				F1B9289E2A13B1FC002F5587 /* Release */,
			);
			defaultConfigurationIsVisible = 0;
			defaultConfigurationName = Release;
		};
		F1B9289F2A13B1FC002F5587 /* Build configuration list for PBXNativeTarget "BonialCC" */ = {
			isa = XCConfigurationList;
			buildConfigurations = (
				F1B928A02A13B1FC002F5587 /* Debug */,
				F1B928A12A13B1FC002F5587 /* Release */,
			);
			defaultConfigurationIsVisible = 0;
			defaultConfigurationName = Release;
		};
		F1B928A22A13B1FC002F5587 /* Build configuration list for PBXNativeTarget "BonialCCTests" */ = {
			isa = XCConfigurationList;
			buildConfigurations = (
				F1B928A32A13B1FC002F5587 /* Debug */,
				F1B928A42A13B1FC002F5587 /* Release */,
			);
			defaultConfigurationIsVisible = 0;
			defaultConfigurationName = Release;
		};
		F1B928A52A13B1FC002F5587 /* Build configuration list for PBXNativeTarget "BonialCCUITests" */ = {
			isa = XCConfigurationList;
			buildConfigurations = (
				F1B928A62A13B1FC002F5587 /* Debug */,
				F1B928A72A13B1FC002F5587 /* Release */,
			);
			defaultConfigurationIsVisible = 0;
			defaultConfigurationName = Release;
		};
/* End XCConfigurationList section */

/* Begin XCRemoteSwiftPackageReference section */
		F1B928D62A13E43B002F5587 /* XCRemoteSwiftPackageReference "Kingfisher" */ = {
			isa = XCRemoteSwiftPackageReference;
			repositoryURL = "https://github.com/onevcat/Kingfisher.git";
			requirement = {
				kind = upToNextMajorVersion;
				minimumVersion = 7.0.0;
			};
		};
/* End XCRemoteSwiftPackageReference section */

/* Begin XCSwiftPackageProductDependency section */
		F1B928D72A13E43B002F5587 /* Kingfisher */ = {
			isa = XCSwiftPackageProductDependency;
			package = F1B928D62A13E43B002F5587 /* XCRemoteSwiftPackageReference "Kingfisher" */;
			productName = Kingfisher;
		};
/* End XCSwiftPackageProductDependency section */
	};
	rootObject = F1B928732A13B1FC002F5587 /* Project object */;
}
